<?xml version="1.0" encoding="utf-8"?>
<Project ToolsVersion="4.0" xmlns="http://schemas.microsoft.com/developer/msbuild/2003">
  <ItemGroup>
    <Filter Include="Source Files">
      <UniqueIdentifier>{4FC737F1-C7A5-4376-A066-2A32D752A2FF}</UniqueIdentifier>
      <Extensions>cpp;c;cc;cxx;def;odl;idl;hpj;bat;asm;asmx</Extensions>
    </Filter>
    <Filter Include="Header Files">
      <UniqueIdentifier>{93995380-89BD-4b04-88EB-625FBE52EBFB}</UniqueIdentifier>
      <Extensions>h;hh;hpp;hxx;hm;inl;inc;xsd</Extensions>
    </Filter>
    <Filter Include="Resource Files">
      <UniqueIdentifier>{67DA6AB6-F800-4c08-8B7A-83BB121AAD01}</UniqueIdentifier>
      <Extensions>rc;ico;cur;bmp;dlg;rc2;rct;bin;rgs;gif;jpg;jpeg;jpe;resx;tiff;tif;png;wav;mfcribbon-ms</Extensions>
    </Filter>
    <Filter Include="Header Files\templates">
      <UniqueIdentifier>{29e56af6-35f2-48ca-9eca-e4b779cbb750}</UniqueIdentifier>
    </Filter>
  </ItemGroup>
  <ItemGroup>
    <ClCompile Include="arrayoperations.cpp">
      <Filter>Source Files</Filter>
    </ClCompile>
    <ClCompile Include="cellulargen.cpp">
      <Filter>Source Files</Filter>
    </ClCompile>
    <ClCompile Include="hsv.cpp">
      <Filter>Source Files</Filter>
    </ClCompile>
    <ClCompile Include="implicitautocorrect.cpp">
      <Filter>Source Files</Filter>
    </ClCompile>
    <ClCompile Include="implicitbasisfunction.cpp">
      <Filter>Source Files</Filter>
    </ClCompile>
    <ClCompile Include="implicitbias.cpp">
      <Filter>Source Files</Filter>
    </ClCompile>
    <ClCompile Include="implicitblend.cpp">
      <Filter>Source Files</Filter>
    </ClCompile>
    <ClCompile Include="implicitbrightcontrast.cpp">
      <Filter>Source Files</Filter>
    </ClCompile>
    <ClCompile Include="implicitcache.cpp">
      <Filter>Source Files</Filter>
    </ClCompile>
    <ClCompile Include="implicitcellular.cpp">
      <Filter>Source Files</Filter>
    </ClCompile>
    <ClCompile Include="implicitclamp.cpp">
      <Filter>Source Files</Filter>
    </ClCompile>
    <ClCompile Include="implicitcombiner.cpp">
      <Filter>Source Files</Filter>
    </ClCompile>
    <ClCompile Include="implicitconstant.cpp">
      <Filter>Source Files</Filter>
    </ClCompile>
    <ClCompile Include="implicitcos.cpp">
      <Filter>Source Files</Filter>
    </ClCompile>
    <ClCompile Include="implicitcurve.cpp">
      <Filter>Source Files</Filter>
    </ClCompile>
    <ClCompile Include="implicitextractrgbachannel.cpp">
      <Filter>Source Files</Filter>
    </ClCompile>
    <ClCompile Include="implicitfloor.cpp">
      <Filter>Source Files</Filter>
    </ClCompile>
    <ClCompile Include="implicitfractal.cpp">
      <Filter>Source Files</Filter>
    </ClCompile>
    <ClCompile Include="implicitfunctiongradient.cpp">
      <Filter>Source Files</Filter>
    </ClCompile>
    <ClCompile Include="implicitgain.cpp">
      <Filter>Source Files</Filter>
    </ClCompile>
    <ClCompile Include="implicitgradient.cpp">
      <Filter>Source Files</Filter>
    </ClCompile>
    <ClCompile Include="implicitmagnitude.cpp">
      <Filter>Source Files</Filter>
    </ClCompile>
    <ClCompile Include="implicitmodulebase.cpp">
      <Filter>Source Files</Filter>
    </ClCompile>
    <ClCompile Include="implicitnormalizecoords.cpp">
      <Filter>Source Files</Filter>
    </ClCompile>
    <ClCompile Include="implicitpow.cpp">
      <Filter>Source Files</Filter>
    </ClCompile>
    <ClCompile Include="implicitrgbadotproduct.cpp">
      <Filter>Source Files</Filter>
    </ClCompile>
    <ClCompile Include="implicitrotatedomain.cpp">
      <Filter>Source Files</Filter>
    </ClCompile>
    <ClCompile Include="implicitsawtooth.cpp">
      <Filter>Source Files</Filter>
    </ClCompile>
    <ClCompile Include="implicitscaledomain.cpp">
      <Filter>Source Files</Filter>
    </ClCompile>
    <ClCompile Include="implicitscaleoffset.cpp">
      <Filter>Source Files</Filter>
    </ClCompile>
    <ClCompile Include="implicitselect.cpp">
      <Filter>Source Files</Filter>
    </ClCompile>
    <ClCompile Include="implicitsin.cpp">
      <Filter>Source Files</Filter>
    </ClCompile>
    <ClCompile Include="implicitsphere.cpp">
      <Filter>Source Files</Filter>
    </ClCompile>
    <ClCompile Include="implicittiers.cpp">
      <Filter>Source Files</Filter>
    </ClCompile>
    <ClCompile Include="implicittranslatedomain.cpp">
      <Filter>Source Files</Filter>
    </ClCompile>
    <ClCompile Include="implicittriangle.cpp">
      <Filter>Source Files</Filter>
    </ClCompile>
    <ClCompile Include="mapping.cpp">
      <Filter>Source Files</Filter>
    </ClCompile>
    <ClCompile Include="noise_gen.cpp">
      <Filter>Source Files</Filter>
    </ClCompile>
    <ClCompile Include="noise_lut.cpp">
      <Filter>Source Files</Filter>
    </ClCompile>
    <ClCompile Include="rasterization.cpp">
      <Filter>Source Files</Filter>
    </ClCompile>
    <ClCompile Include="rgbablend.cpp">
      <Filter>Source Files</Filter>
    </ClCompile>
    <ClCompile Include="rgbablendops.cpp">
      <Filter>Source Files</Filter>
    </ClCompile>
    <ClCompile Include="rgbacolorops.cpp">
      <Filter>Source Files</Filter>
    </ClCompile>
    <ClCompile Include="rgbacomposechannels.cpp">
      <Filter>Source Files</Filter>
    </ClCompile>
    <ClCompile Include="rgbaconstant.cpp">
      <Filter>Source Files</Filter>
    </ClCompile>
    <ClCompile Include="rgbacurve.cpp">
      <Filter>Source Files</Filter>
    </ClCompile>
    <ClCompile Include="rgbahsvtorgba.cpp">
      <Filter>Source Files</Filter>
    </ClCompile>
    <ClCompile Include="rgbaimplicitgrayscale.cpp">
      <Filter>Source Files</Filter>
    </ClCompile>
    <ClCompile Include="rgbanormalize.cpp">
      <Filter>Source Files</Filter>
    </ClCompile>
    <ClCompile Include="rgbargbatohsv.cpp">
      <Filter>Source Files</Filter>
    </ClCompile>
    <ClCompile Include="rgbarotatecolor.cpp">
      <Filter>Source Files</Filter>
    </ClCompile>
    <ClCompile Include="rgbaselect.cpp">
      <Filter>Source Files</Filter>
    </ClCompile>
    <ClCompile Include="accidental_noise.cpp">
      <Filter>Source Files</Filter>
    </ClCompile>
    <ClCompile Include="lodepng.cpp">
      <Filter>Source Files</Filter>
    </ClCompile>
  </ItemGroup>
  <ItemGroup>
    <ClInclude Include="anl.h">
      <Filter>Header Files</Filter>
    </ClInclude>
    <ClInclude Include="arrayoperations.h">
      <Filter>Header Files</Filter>
    </ClInclude>
    <ClInclude Include="cellulargen.h">
      <Filter>Header Files</Filter>
    </ClInclude>
    <ClInclude Include="hsv.h">
      <Filter>Header Files</Filter>
    </ClInclude>
    <ClInclude Include="implicitautocorrect.h">
      <Filter>Header Files</Filter>
    </ClInclude>
    <ClInclude Include="implicitbasisfunction.h">
      <Filter>Header Files</Filter>
    </ClInclude>
    <ClInclude Include="implicitbias.h">
      <Filter>Header Files</Filter>
    </ClInclude>
    <ClInclude Include="implicitblend.h">
      <Filter>Header Files</Filter>
    </ClInclude>
    <ClInclude Include="implicitbrightcontrast.h">
      <Filter>Header Files</Filter>
    </ClInclude>
    <ClInclude Include="implicitcache.h">
      <Filter>Header Files</Filter>
    </ClInclude>
    <ClInclude Include="implicitcellular.h">
      <Filter>Header Files</Filter>
    </ClInclude>
    <ClInclude Include="implicitclamp.h">
      <Filter>Header Files</Filter>
    </ClInclude>
    <ClInclude Include="implicitcombiner.h">
      <Filter>Header Files</Filter>
    </ClInclude>
    <ClInclude Include="implicitconstant.h">
      <Filter>Header Files</Filter>
    </ClInclude>
    <ClInclude Include="implicitcos.h">
      <Filter>Header Files</Filter>
    </ClInclude>
    <ClInclude Include="implicitcurve.h">
      <Filter>Header Files</Filter>
    </ClInclude>
    <ClInclude Include="implicitextractrgbachannel.h">
      <Filter>Header Files</Filter>
    </ClInclude>
    <ClInclude Include="implicitfloor.h">
      <Filter>Header Files</Filter>
    </ClInclude>
    <ClInclude Include="implicitfractal.h">
      <Filter>Header Files</Filter>
    </ClInclude>
    <ClInclude Include="implicitfunctiongradient.h">
      <Filter>Header Files</Filter>
    </ClInclude>
    <ClInclude Include="implicitgain.h">
      <Filter>Header Files</Filter>
    </ClInclude>
    <ClInclude Include="implicitgradient.h">
      <Filter>Header Files</Filter>
    </ClInclude>
    <ClInclude Include="implicitmagnitude.h">
      <Filter>Header Files</Filter>
    </ClInclude>
    <ClInclude Include="implicitmodifier.h">
      <Filter>Header Files</Filter>
    </ClInclude>
    <ClInclude Include="implicitmodulebase.h">
      <Filter>Header Files</Filter>
    </ClInclude>
    <ClInclude Include="implicitnormalizecoords.h">
      <Filter>Header Files</Filter>
    </ClInclude>
    <ClInclude Include="implicitpow.h">
      <Filter>Header Files</Filter>
    </ClInclude>
    <ClInclude Include="implicitrgbadotproduct.h">
      <Filter>Header Files</Filter>
    </ClInclude>
    <ClInclude Include="implicitrotatedomain.h">
      <Filter>Header Files</Filter>
    </ClInclude>
    <ClInclude Include="implicitsawtooth.h">
      <Filter>Header Files</Filter>
    </ClInclude>
    <ClInclude Include="implicitscaledomain.h">
      <Filter>Header Files</Filter>
    </ClInclude>
    <ClInclude Include="implicitscaleoffset.h">
      <Filter>Header Files</Filter>
    </ClInclude>
    <ClInclude Include="implicitselect.h">
      <Filter>Header Files</Filter>
    </ClInclude>
    <ClInclude Include="implicitsin.h">
      <Filter>Header Files</Filter>
    </ClInclude>
    <ClInclude Include="implicitsphere.h">
      <Filter>Header Files</Filter>
    </ClInclude>
    <ClInclude Include="implicittiers.h">
      <Filter>Header Files</Filter>
    </ClInclude>
    <ClInclude Include="implicittransform.h">
      <Filter>Header Files</Filter>
    </ClInclude>
    <ClInclude Include="implicittranslatedomain.h">
      <Filter>Header Files</Filter>
    </ClInclude>
    <ClInclude Include="implicittriangle.h">
      <Filter>Header Files</Filter>
    </ClInclude>
    <ClInclude Include="mapping.h">
      <Filter>Header Files</Filter>
    </ClInclude>
    <ClInclude Include="noise_gen.h">
      <Filter>Header Files</Filter>
    </ClInclude>
    <ClInclude Include="noise_lut.h">
      <Filter>Header Files</Filter>
    </ClInclude>
    <ClInclude Include="noiselut.h">
      <Filter>Header Files</Filter>
    </ClInclude>
    <ClInclude Include="random_gen.h">
      <Filter>Header Files</Filter>
    </ClInclude>
    <ClInclude Include="rasterization.h">
      <Filter>Header Files</Filter>
    </ClInclude>
    <ClInclude Include="rgba.h">
      <Filter>Header Files</Filter>
    </ClInclude>
    <ClInclude Include="rgbablend.h">
      <Filter>Header Files</Filter>
    </ClInclude>
    <ClInclude Include="rgbablendops.h">
      <Filter>Header Files</Filter>
    </ClInclude>
    <ClInclude Include="rgbacolorops.h">
      <Filter>Header Files</Filter>
    </ClInclude>
    <ClInclude Include="rgbacomposechannels.h">
      <Filter>Header Files</Filter>
    </ClInclude>
    <ClInclude Include="rgbaconstant.h">
      <Filter>Header Files</Filter>
    </ClInclude>
    <ClInclude Include="rgbacurve.h">
      <Filter>Header Files</Filter>
    </ClInclude>
    <ClInclude Include="rgbahsvtorgba.h">
      <Filter>Header Files</Filter>
    </ClInclude>
    <ClInclude Include="rgbaimplicitgrayscale.h">
      <Filter>Header Files</Filter>
    </ClInclude>
    <ClInclude Include="rgbamodulebase.h">
      <Filter>Header Files</Filter>
    </ClInclude>
    <ClInclude Include="rgbanormalize.h">
      <Filter>Header Files</Filter>
    </ClInclude>
    <ClInclude Include="rgbargbatohsv.h">
      <Filter>Header Files</Filter>
    </ClInclude>
    <ClInclude Include="rgbarotatecolor.h">
      <Filter>Header Files</Filter>
    </ClInclude>
    <ClInclude Include="rgbaselect.h">
      <Filter>Header Files</Filter>
    </ClInclude>
    <ClInclude Include="utility.h">
      <Filter>Header Files</Filter>
    </ClInclude>
    <ClInclude Include="vectortypes.h">
      <Filter>Header Files</Filter>
    </ClInclude>
    <ClInclude Include="lodepng.h">
      <Filter>Header Files</Filter>
    </ClInclude>
    <ClInclude Include="templates\tarrays.h">
      <Filter>Header Files\templates</Filter>
    </ClInclude>
    <ClInclude Include="templates\tcurve.h">
      <Filter>Header Files\templates</Filter>
    </ClInclude>
    <ClInclude Include="templates\tvec2d.h">
      <Filter>Header Files\templates</Filter>
    </ClInclude>
    <ClInclude Include="templates\tvec3d.h">
      <Filter>Header Files\templates</Filter>
    </ClInclude>
    <ClInclude Include="templates\tvec4d.h">
      <Filter>Header Files\templates</Filter>
    </ClInclude>
  </ItemGroup>
</Project>